
Microsoft Visual Studio Solution File, Format Version 12.00
# Visual Studio Version 17
VisualStudioVersion = 17.1.32319.34
MinimumVisualStudioVersion = 10.0.40219.1
Project("{F184B08F-C81C-45F6-A57F-5ABD9991F28F}") = "OopsDemo", "OopsDemo\OopsDemo.vbproj", "{78630062-4598-4C32-8515-A0ECB058DDFA}"
EndProject
Global
	GlobalSection(SolutionConfigurationPlatforms) = preSolution
		Debug|Any CPU = Debug|Any CPU
		Release|Any CPU = Release|Any CPU
	EndGlobalSection
	GlobalSection(ProjectConfigurationPlatforms) = postSolution
		{78630062-4598-4C32-8515-A0ECB058DDFA}.Debug|Any CPU.ActiveCfg = Debug|Any CPU
		{78630062-4598-4C32-8515-A0ECB058DDFA}.Debug|Any CPU.Build.0 = Debug|Any CPU
		{78630062-4598-4C32-8515-A0ECB058DDFA}.Release|Any CPU.ActiveCfg = Release|Any CPU
		{78630062-4598-4C32-8515-A0ECB058DDFA}.Release|Any CPU.Build.0 = Release|Any CPU
	EndGlobalSection
	GlobalSection(SolutionProperties) = preSolution
		HideSolutionNode = FALSE
	EndGlobalSection
	GlobalSection(ExtensibilityGlobals) = postSolution
		SolutionGuid = {8319E6B5-5DCF-4DAD-9BAB-D8969FBAF01A}
	EndGlobalSection
EndGlobal
